# This file is autogenerated, do not edit; changes may be undone by the next 'dep ensure'.


[[projects]]
  branch = "master"
  name = "github.com/tarm/serial"
  packages = ["."]
  revision = "eaafced92e9619f03c72527efeab21e326f3bc36"

[[projects]]
  name = "github.com/vrischmann/envconfig"
  packages = ["."]
  revision = "98b0b9a570bdd3eb00e3e6eeb15548e7f982bfd3"
  version = "1.0.0"

[[projects]]
  name = "github.com/yosssi/gmq"
  packages = ["mqtt","mqtt/client","mqtt/packet"]
  revision = "31fa037b1019e383aa033aee1e4d04e106c88ed2"
  version = "v0.0.1"

[[projects]]
  branch = "master"
  name = "golang.org/x/sys"
  packages = ["unix"]
  revision = "ad87a3a340fa7f3bed189293fbfa7a9b7e021ae1"

[solve-meta]
  analyzer-name = "dep"
  analyzer-version = 1
  inputs-digest = "b7bbeed3a46dbf12962460b0f5e3f404bcc5961a927fbb199dd80439c289932a"
  solver-name = "gps-cdcl"
  solver-version = 1
